// !$*UTF8*$!
{
	archiveVersion = 1;
	classes = {
	};
	objectVersion = 77;
	objects = {

/* Begin PBXBuildFile section */
		02F9895A5FE317B177F0A7BA /* PreferencesView.swift in Sources */ = {isa = PBXBuildFile; fileRef = DDE9B2E5E834AAC33179D1D0 /* PreferencesView.swift */; };
		06229CC9A8E3CA8B2FEF0312 /* ProviderUsagePoller.swift in Sources */ = {isa = PBXBuildFile; fileRef = 7532E728359574D2F985E60E /* ProviderUsagePoller.swift */; };
		076A8034DCB0D156E353E9D6 /* ExportService.swift in Sources */ = {isa = PBXBuildFile; fileRef = EA281FA162A6CB5D1F2A2904 /* ExportService.swift */; };
		08E55E6E8941B7800D091106 /* ConcentricUsageRingView.swift in Sources */ = {isa = PBXBuildFile; fileRef = 2F665FA86ABF19BA115EFB4B /* ConcentricUsageRingView.swift */; };
		0BB018BAFAAC2ED403FC8B46 /* UsageErrorTests.swift in Sources */ = {isa = PBXBuildFile; fileRef = E45F0294D7F6833156223A81 /* UsageErrorTests.swift */; };
		0C0E31AE65D50DCB12474E92 /* JSONTests.swift in Sources */ = {isa = PBXBuildFile; fileRef = BF58255DAC5BC7E940010E74 /* JSONTests.swift */; };
		0EF555B6CAAA225A6003760A /* CursorPanelView.swift in Sources */ = {isa = PBXBuildFile; fileRef = CCF1A4C740FAB8D1701D593C /* CursorPanelView.swift */; };
		123B5EDA89E592AC5FB1BB5C /* Percent.swift in Sources */ = {isa = PBXBuildFile; fileRef = 87147049DB3C7B775DB7AFF8 /* Percent.swift */; };
		1542A10594C8C93D533C97CE /* BackoffTimerTests.swift in Sources */ = {isa = PBXBuildFile; fileRef = 574F9FE58FAD1743E3B2503D /* BackoffTimerTests.swift */; };
		15F553874A8EE19A5C537A8D /* AuthenticatedRequestTests.swift in Sources */ = {isa = PBXBuildFile; fileRef = 1EAAAEF33F777C3DC9A5FFD4 /* AuthenticatedRequestTests.swift */; };
		17B6500D43004D64A3A1716B /* OpenCodeStatsTests.swift in Sources */ = {isa = PBXBuildFile; fileRef = 1B047339E04940B83879F808 /* OpenCodeStatsTests.swift */; };
		1A87513EEBB6591936457416 /* ClaudeUsagePoller.swift in Sources */ = {isa = PBXBuildFile; fileRef = 003B42A9648BBDAE3C9E54B0 /* ClaudeUsagePoller.swift */; };
		1B0037A17BFF85E89026011A /* ProviderLogo.swift in Sources */ = {isa = PBXBuildFile; fileRef = 9D9F3805067CAD5F9D7A9F5C /* ProviderLogo.swift */; };
		1B96C46077F3C4E22436E9E1 /* ProviderSignInButton.swift in Sources */ = {isa = PBXBuildFile; fileRef = 945C71AC56642FF8A1C1100E /* ProviderSignInButton.swift */; };
		1C8C2B06991E9E56434FCC73 /* UsagePoller.swift in Sources */ = {isa = PBXBuildFile; fileRef = 88F1D02F3A15A666EC3FD672 /* UsagePoller.swift */; };
		2247415495F4C60331207D12 /* ColorPalette.swift in Sources */ = {isa = PBXBuildFile; fileRef = B2BA87CC7E75A176DAC734DB /* ColorPalette.swift */; };
		230F134178B6141A959B2B8C /* OpenRouterModelsTests.swift in Sources */ = {isa = PBXBuildFile; fileRef = E7DD4BD107A72D61C50B064B /* OpenRouterModelsTests.swift */; };
		26D7E8FC5A81B94D8DA6386F /* CategoryRow.swift in Sources */ = {isa = PBXBuildFile; fileRef = CC222617652A6DEB37620B31 /* CategoryRow.swift */; };
		299B5762DBAA0D2EED375F6D /* HourlyDeltaActivityStore.swift in Sources */ = {isa = PBXBuildFile; fileRef = C16C9B6ED2EA4419F6622D08 /* HourlyDeltaActivityStore.swift */; };
		2F72BB40935919BF6E176BA2 /* UsageClient.swift in Sources */ = {isa = PBXBuildFile; fileRef = 1E5C44595A52641A03B41C72 /* UsageClient.swift */; };
		2FC7F4B60CAD4CCC34BB0D2A /* ClaudeSignInView.swift in Sources */ = {isa = PBXBuildFile; fileRef = F6070D087A85C991DAFEF49E /* ClaudeSignInView.swift */; };
		325174C5874016ADB435FD33 /* OpenRouterUsageClient.swift in Sources */ = {isa = PBXBuildFile; fileRef = 5302334350270C0A547C5C75 /* OpenRouterUsageClient.swift */; };
		32D1E185274A0A66DDF9F8B4 /* AuthSessionService.swift in Sources */ = {isa = PBXBuildFile; fileRef = 75358DA29FB869146E6164A1 /* AuthSessionService.swift */; };
		3D1CA4A9AF09623D3E343004 /* CursorAuthSession.swift in Sources */ = {isa = PBXBuildFile; fileRef = 3ED36AE2584D7EB89D2F38BC /* CursorAuthSession.swift */; };
		3F4D8F82AFD4D3993B37CC29 /* DailyQuotaDeltaStoreTests.swift in Sources */ = {isa = PBXBuildFile; fileRef = B06D2986FD8F4702604E852D /* DailyQuotaDeltaStoreTests.swift */; };
		404713A354B6A8F71295AF31 /* FileBackedStringStore.swift in Sources */ = {isa = PBXBuildFile; fileRef = B69E3BE6CB2BB7A9F0EAC5E4 /* FileBackedStringStore.swift */; };
		42C8875C17360F7FD10EC91E /* DailyBudget.swift in Sources */ = {isa = PBXBuildFile; fileRef = 28EC6D5B67D08C3107DCBD35 /* DailyBudget.swift */; };
		433B2FEACC4CCD5241D0DAA6 /* ColorPaletteTests.swift in Sources */ = {isa = PBXBuildFile; fileRef = 7F8A22FFDA52059B9779F01E /* ColorPaletteTests.swift */; };
		43AD17BBF1053D89C6FC6425 /* ProviderAuthSessionTests.swift in Sources */ = {isa = PBXBuildFile; fileRef = 585A7CA4EC26E9EC85F11B08 /* ProviderAuthSessionTests.swift */; };
		440F0FD6B4942548127BC790 /* TokenMonApp.swift in Sources */ = {isa = PBXBuildFile; fileRef = D78FE8D9B9D2534DD07FB991 /* TokenMonApp.swift */; };
		45CF52CA0D48AE4EFD9674B2 /* DailyBudgetBarsView.swift in Sources */ = {isa = PBXBuildFile; fileRef = FA55668290D2300298B0BC29 /* DailyBudgetBarsView.swift */; };
		46F1C528574C5DA03FCCE64D /* ProviderRegistry.swift in Sources */ = {isa = PBXBuildFile; fileRef = 1D56ED51363320E599F80827 /* ProviderRegistry.swift */; };
		48F5B17A873190A817646FEF /* Domain.swift in Sources */ = {isa = PBXBuildFile; fileRef = 4F4D47682593A1EE79DD6A0C /* Domain.swift */; };
		4CE28448F0C6FAA8AE2C4128 /* ChatGPTSignInView.swift in Sources */ = {isa = PBXBuildFile; fileRef = DC4A83133D58CA8EFB9E0C82 /* ChatGPTSignInView.swift */; };
		504EBC85D44DF3DCB5105EE7 /* CursorUsageClient.swift in Sources */ = {isa = PBXBuildFile; fileRef = 3134A3D28E86BDE453FDADB0 /* CursorUsageClient.swift */; };
		545267311016D1B4B9E46D0C /* ProviderSignOutButton.swift in Sources */ = {isa = PBXBuildFile; fileRef = F70542120C2CDBAA2BA56F63 /* ProviderSignOutButton.swift */; };
		5BE59C4C3270E6B7727003E5 /* CursorSignInSheet.swift in Sources */ = {isa = PBXBuildFile; fileRef = 8F41AD315BF3B0000052680F /* CursorSignInSheet.swift */; };
		5D12D94FFDC098F4A7B43357 /* SignInSheet.swift in Sources */ = {isa = PBXBuildFile; fileRef = 6EF44D1ED22184587190FAEF /* SignInSheet.swift */; };
		5D7A7A76F3B84FD799EC60D6 /* ISO8601.swift in Sources */ = {isa = PBXBuildFile; fileRef = 6AA910F6DC60F8FD9C4B9487 /* ISO8601.swift */; };
		5E6675043A9CDD8400400AEE /* MenuBarStatusRenderer.swift in Sources */ = {isa = PBXBuildFile; fileRef = A3E0CB1C6A364F5D4CD66107 /* MenuBarStatusRenderer.swift */; };
		5F1B77DEC7B2FC1F9A70D292 /* OpenCodeAuthSession.swift in Sources */ = {isa = PBXBuildFile; fileRef = 08662DA61F7BDFBFB4B43515 /* OpenCodeAuthSession.swift */; };
		6194CDF488B1A7A92DCD5DB0 /* Assets.xcassets in Resources */ = {isa = PBXBuildFile; fileRef = 0DB82058780239EE6F551759 /* Assets.xcassets */; };
		67CB3BAF2D6D0B348912F873 /* ThresholdNotifierTests.swift in Sources */ = {isa = PBXBuildFile; fileRef = 57DE707648903EDB3AF63DD9 /* ThresholdNotifierTests.swift */; };
		6C49B3BEC92293AB4BFC7CB4 /* OpenCodeSignInSheet.swift in Sources */ = {isa = PBXBuildFile; fileRef = 96616027EAA5189BC18E97E6 /* OpenCodeSignInSheet.swift */; };
		6D3C3BF5E179DD1B60147EEB /* ProductCatalogTests.swift in Sources */ = {isa = PBXBuildFile; fileRef = E5685652948176D011F6AD18 /* ProductCatalogTests.swift */; };
		6FA1E641E5442AE0067C6D40 /* WebKitCookieCaptureTests.swift in Sources */ = {isa = PBXBuildFile; fileRef = 9DE9ECA5176C08F0FECEABDD /* WebKitCookieCaptureTests.swift */; };
		70049333F63FC283B5DC7866 /* DailyQuotaDeltaStore.swift in Sources */ = {isa = PBXBuildFile; fileRef = 9B702888EEE669BE5E778C5F /* DailyQuotaDeltaStore.swift */; };
		71063F6D995FF528DD8A778E /* DailyUsageChartView.swift in Sources */ = {isa = PBXBuildFile; fileRef = 3C4E9D4A9882DA1D0ECA5BD5 /* DailyUsageChartView.swift */; };
		74281CAC0D8F8FAC72694DCE /* FormatTests.swift in Sources */ = {isa = PBXBuildFile; fileRef = AB38678DE2EC99D7178876D6 /* FormatTests.swift */; };
		747F5CBA2DB1A079B070F63A /* PanelCard.swift in Sources */ = {isa = PBXBuildFile; fileRef = E5BCCDA1B3628DD8C3055CD5 /* PanelCard.swift */; };
		74880E5521D14EF8E53A7068 /* ProviderSignInSheet.swift in Sources */ = {isa = PBXBuildFile; fileRef = D186C3CB20B54DDB51682D2A /* ProviderSignInSheet.swift */; };
		74C896333B2DC2269FC48CAA /* OpenCodeLocalStats.swift in Sources */ = {isa = PBXBuildFile; fileRef = 58689ED2BD6AFB3896556E97 /* OpenCodeLocalStats.swift */; };
		799B84D8CB6B03C174D69B18 /* OpenCodeZenCostEstimate.swift in Sources */ = {isa = PBXBuildFile; fileRef = 1E218501D94C3A3AA4725868 /* OpenCodeZenCostEstimate.swift */; };
		7C298DAD89E195A701911BFA /* AppSettings.swift in Sources */ = {isa = PBXBuildFile; fileRef = 24166148544CA5C059FC8F1F /* AppSettings.swift */; };
		80DB39EBA05C82FB0AC57377 /* PollingLoop.swift in Sources */ = {isa = PBXBuildFile; fileRef = 154D036BF58DE54C13D288DD /* PollingLoop.swift */; };
		811665EA3B9506975CF1C6D7 /* HistoryStore.swift in Sources */ = {isa = PBXBuildFile; fileRef = 4E556046181C6EE06EFD5596 /* HistoryStore.swift */; };
		855931B379EEDF03BAB71943 /* OpenRouterPanelView.swift in Sources */ = {isa = PBXBuildFile; fileRef = 6CD292D52481609A3C0369D3 /* OpenRouterPanelView.swift */; };
		86208DBEB0D029C1E2E2603D /* HistoryStoreTests.swift in Sources */ = {isa = PBXBuildFile; fileRef = A37FC6F12B3E19C5C9A8C445 /* HistoryStoreTests.swift */; };
		87F758D86BCA5AABC2B9959F /* SlimUsageTrack.swift in Sources */ = {isa = PBXBuildFile; fileRef = B295E6C1B0146F0086543DCB /* SlimUsageTrack.swift */; };
		8BB76C62F022DC30E7C84C5C /* AppDelegate.swift in Sources */ = {isa = PBXBuildFile; fileRef = 8A5C6B1CABD31B8A6B55C5D7 /* AppDelegate.swift */; };
		8C1B8D193D5C61242DCE5B6B /* WebKitCookieStore.swift in Sources */ = {isa = PBXBuildFile; fileRef = 16D9F017AB73B92AB3B01F10 /* WebKitCookieStore.swift */; };
		8C924889FB306E348C39D678 /* ChatGPTUsageClient.swift in Sources */ = {isa = PBXBuildFile; fileRef = 1BF9E8622D6F29F6FEC1979D /* ChatGPTUsageClient.swift */; };
		8D1DCED4BEC7DE66DEF30C47 /* ChatGPTPanelView.swift in Sources */ = {isa = PBXBuildFile; fileRef = 482D0A6CA3D74D6C4CCD6F24 /* ChatGPTPanelView.swift */; };
		91BA6407EED2CB169F464C1E /* PollingLoopTests.swift in Sources */ = {isa = PBXBuildFile; fileRef = 5915E51D49E8D3ADC7F0B9E8 /* PollingLoopTests.swift */; };
		9258AEEEF37565B8C4592A54 /* PanelTypography.swift in Sources */ = {isa = PBXBuildFile; fileRef = 099FD1BC2A4197A918E08DAC /* PanelTypography.swift */; };
		931FB5A88F596D1285DE6C5B /* DailyUsageBuilder.swift in Sources */ = {isa = PBXBuildFile; fileRef = 030644365BCFFE7A2313E22A /* DailyUsageBuilder.swift */; };
		93E28817EF25CF8E46C6349E /* OpenCodePanelView.swift in Sources */ = {isa = PBXBuildFile; fileRef = 00D0AA7D58BAB50E2263A553 /* OpenCodePanelView.swift */; };
		9537EFEF8921BFCC6A7CDEBD /* ClaudePanelView.swift in Sources */ = {isa = PBXBuildFile; fileRef = 36C4B1FF750F8B1392D1AC6A /* ClaudePanelView.swift */; };
		962BB066A9FDA634D3F391D9 /* OpenCodeConsoleClientTests.swift in Sources */ = {isa = PBXBuildFile; fileRef = 20CC9D28BC66E69522E91B11 /* OpenCodeConsoleClientTests.swift */; };
		99F71EF97E6858B8C96E5B29 /* OverviewHourlyUsageChart.swift in Sources */ = {isa = PBXBuildFile; fileRef = C31933106A9D643D9A424D46 /* OverviewHourlyUsageChart.swift */; };
		9DBA6C0086EDE5F17D97846D /* ClaudeAuthSession.swift in Sources */ = {isa = PBXBuildFile; fileRef = 06706EABCCEE8BFBB27E4D34 /* ClaudeAuthSession.swift */; };
		9E525790E1BC1878805C99C5 /* WebKitCookieCapture.swift in Sources */ = {isa = PBXBuildFile; fileRef = B68FE75A96E4091616408783 /* WebKitCookieCapture.swift */; };
		A2273C5F2494A76B8EF40B64 /* MetricStat.swift in Sources */ = {isa = PBXBuildFile; fileRef = 03AC589CC50A5A8F5096383C /* MetricStat.swift */; };
		A37437D20CF0C4022A6497C7 /* GrokPanelView.swift in Sources */ = {isa = PBXBuildFile; fileRef = 7D26259E38D3BC6F2716F14C /* GrokPanelView.swift */; };
		A3B6205627F823688673DEA1 /* AppSupportTests.swift in Sources */ = {isa = PBXBuildFile; fileRef = 3236D1884085409D04BB2A13 /* AppSupportTests.swift */; };
		A993DDAD34F2CC7F0172D43F /* OpenRouterModels.swift in Sources */ = {isa = PBXBuildFile; fileRef = F119E47CC0BF956CD51DE1AA /* OpenRouterModels.swift */; };
		AAE0FC9316DF293EE7C14714 /* ProviderSwitcherView.swift in Sources */ = {isa = PBXBuildFile; fileRef = 7B84CFAAB0D7972BDC20C4DB /* ProviderSwitcherView.swift */; };
		AEBCDAB3A1B0E33D416D3668 /* ClaudeUsageClientTests.swift in Sources */ = {isa = PBXBuildFile; fileRef = 53FF46E0F5F38D80A6419B84 /* ClaudeUsageClientTests.swift */; };
		AF43B2BEC521C9AB15C1F8C5 /* MonitorProvider.swift in Sources */ = {isa = PBXBuildFile; fileRef = D5008BEBDDA049505BF06BC7 /* MonitorProvider.swift */; };
		AFC1A169FAF539B8CB0EF0B3 /* OpenCodeConsoleClient.swift in Sources */ = {isa = PBXBuildFile; fileRef = 51455BD0A71FEDBAAF5F8591 /* OpenCodeConsoleClient.swift */; };
		B222C1004FD4091D0EB5F586 /* AuthenticatedRequest.swift in Sources */ = {isa = PBXBuildFile; fileRef = CF9FC52F5B876054D131A89B /* AuthenticatedRequest.swift */; };
		B3C82E011CEE192CDEBB3395 /* ProviderAuthSession.swift in Sources */ = {isa = PBXBuildFile; fileRef = 032915429CC456C18140A256 /* ProviderAuthSession.swift */; };
		B5F252E5D89FC411DD3BFBAB /* ChatGPTModels.swift in Sources */ = {isa = PBXBuildFile; fileRef = 17E6B6DEDE6CA34ED5AB8E01 /* ChatGPTModels.swift */; };
		B83613535B40150EB4F89F9B /* ClaudeModels.swift in Sources */ = {isa = PBXBuildFile; fileRef = 3048C8A62D66B3ED0E61C3E0 /* ClaudeModels.swift */; };
		B9DF46C56214B9FEE96C5127 /* OpenCodeModels.swift in Sources */ = {isa = PBXBuildFile; fileRef = 0E32CD2D6C87C59A2BDCAFAB /* OpenCodeModels.swift */; };
		C1795A6C92E0D12F8D0BEB65 /* ChatGPTAuthSession.swift in Sources */ = {isa = PBXBuildFile; fileRef = F425A77810D136532C239692 /* ChatGPTAuthSession.swift */; };
		C3510B9D658997562FCD26B6 /* OpenCodeUsagePoller.swift in Sources */ = {isa = PBXBuildFile; fileRef = EBF346B5976F1C2455634F18 /* OpenCodeUsagePoller.swift */; };
		C4FA2825CB5CA5AB1CA50700 /* OpenRouterAuthSession.swift in Sources */ = {isa = PBXBuildFile; fileRef = D990A5674BB462011AB5AF9C /* OpenRouterAuthSession.swift */; };
		C5A045CB89D69EC25265DE64 /* Format.swift in Sources */ = {isa = PBXBuildFile; fileRef = 39384E817EE6D493EC3E52DB /* Format.swift */; };
		C66EA68B69D41BE27419E22C /* HourlyDeltaActivityStoreTests.swift in Sources */ = {isa = PBXBuildFile; fileRef = BDF40560D85850DB0EC7F326 /* HourlyDeltaActivityStoreTests.swift */; };
		C811978D0E180F43FA791234 /* BackoffTimer.swift in Sources */ = {isa = PBXBuildFile; fileRef = 7DB9D8707EA6CA028C761114 /* BackoffTimer.swift */; };
		C8D1DC73D55A2557D3CDB7D0 /* UsageError.swift in Sources */ = {isa = PBXBuildFile; fileRef = AD751090B98E360ADFBE6CFC /* UsageError.swift */; };
		CA6B7B3C386361E3CB4E8288 /* ProviderHourlyUsage.swift in Sources */ = {isa = PBXBuildFile; fileRef = B161EEE25050CED17FBFC98B /* ProviderHourlyUsage.swift */; };
		CD23EECB6013B960DC54F329 /* AppSettingsTests.swift in Sources */ = {isa = PBXBuildFile; fileRef = E691B506EBE3CF5627C84A26 /* AppSettingsTests.swift */; };
		CEB8AB90691113AF7E5FEFB4 /* MenuBarPanelView.swift in Sources */ = {isa = PBXBuildFile; fileRef = CD4C88DCF208BC0FCA1749B3 /* MenuBarPanelView.swift */; };
		D1423366193D8B558F1447AD /* ChatGPTUsagePoller.swift in Sources */ = {isa = PBXBuildFile; fileRef = EA0D9A804736F4798B109224 /* ChatGPTUsagePoller.swift */; };
		D37A350E070C4FD59B5025C9 /* ThresholdNotifier.swift in Sources */ = {isa = PBXBuildFile; fileRef = AB26C41073DFA4948EA31E64 /* ThresholdNotifier.swift */; };
		D380AAE7608BA66462E03D34 /* AppLog.swift in Sources */ = {isa = PBXBuildFile; fileRef = 934A697EDDA16BA55972B23D /* AppLog.swift */; };
		D46146C0A265B0CDD68F84AC /* AppSupport.swift in Sources */ = {isa = PBXBuildFile; fileRef = 11D27ED5967BC30C7114A5DF /* AppSupport.swift */; };
		D7BFCCBDB7EE7DB8C434B723 /* OverviewPanelView.swift in Sources */ = {isa = PBXBuildFile; fileRef = 85EFE5125A1EF1DFE9803712 /* OverviewPanelView.swift */; };
		DA58E39BFEF29D0BEB50A10B /* JSON.swift in Sources */ = {isa = PBXBuildFile; fileRef = B032B25B8302246F90BA667E /* JSON.swift */; };
		DDF4ECFB095899864828DE3C /* UsageModels.swift in Sources */ = {isa = PBXBuildFile; fileRef = 11611A9328AF1EECD2E0A93C /* UsageModels.swift */; };
		E141DD24CE9930A269665594 /* CursorUsageClientTests.swift in Sources */ = {isa = PBXBuildFile; fileRef = 51E17B841EF448C0AF47E291 /* CursorUsageClientTests.swift */; };
		E2B7FFB468F2D30856670B81 /* OpenCodeLimitBar.swift in Sources */ = {isa = PBXBuildFile; fileRef = 85A90F5DA9774809DA84546D /* OpenCodeLimitBar.swift */; };
		E915F187288D1275E7F37F06 /* MenuBarLabelView.swift in Sources */ = {isa = PBXBuildFile; fileRef = BF6AC35F4CA9880F1717E452 /* MenuBarLabelView.swift */; };
		EAF6DBB0C67989D2A7900BF1 /* SegmentedUsageBar.swift in Sources */ = {isa = PBXBuildFile; fileRef = 14A89536F38C6EF369AC30C7 /* SegmentedUsageBar.swift */; };
		EB1CF81AA2469CEC513A247A /* OpenRouterUsagePoller.swift in Sources */ = {isa = PBXBuildFile; fileRef = 6477629704DECD1265006252 /* OpenRouterUsagePoller.swift */; };
		ECF4D935AA82598C077C7045 /* PrivacyInfo.xcprivacy in Resources */ = {isa = PBXBuildFile; fileRef = 0D256F75FC792D8E73069426 /* PrivacyInfo.xcprivacy */; };
		EE6EA52D679BA7D41237CE82 /* ProviderSignInWebView.swift in Sources */ = {isa = PBXBuildFile; fileRef = EF9B63ACDE0C52F1A1AB1CF8 /* ProviderSignInWebView.swift */; };
		F168BFFEBC910644288539E2 /* OpenRouterAuthSessionTests.swift in Sources */ = {isa = PBXBuildFile; fileRef = 44E0A6C9D9FC29FAD3F35CC2 /* OpenRouterAuthSessionTests.swift */; };
		F343F1F69EF51F172B713978 /* DailyBudgetTests.swift in Sources */ = {isa = PBXBuildFile; fileRef = 44726362E79D6B6307501588 /* DailyBudgetTests.swift */; };
		F7D57567E667D8F732A0F0FC /* CursorModels.swift in Sources */ = {isa = PBXBuildFile; fileRef = 8706C7FD38CEF5A9CD1CD05F /* CursorModels.swift */; };
		F9C2F0789C729F88EE3511E5 /* ClaudeUsageClient.swift in Sources */ = {isa = PBXBuildFile; fileRef = A5ACBC34ED6149E7FE47FED6 /* ClaudeUsageClient.swift */; };
		FB3DD8E057F2C72391FAA3BB /* CursorUsagePoller.swift in Sources */ = {isa = PBXBuildFile; fileRef = 020196C688BF33AFB90DE7A2 /* CursorUsagePoller.swift */; };
		FCAA4923ECFBDE36BFA3CA32 /* UsageParsingTests.swift in Sources */ = {isa = PBXBuildFile; fileRef = 109C20A832B99993387AA770 /* UsageParsingTests.swift */; };
		FE68AB65CCB153879BB99EF9 /* ChatGPTUsageClientTests.swift in Sources */ = {isa = PBXBuildFile; fileRef = 452B08F89E54262C8C8C4BD9 /* ChatGPTUsageClientTests.swift */; };
/* End PBXBuildFile section */

/* Begin PBXContainerItemProxy section */
		9D3B4005DCCF281B1FFCB9E9 /* PBXContainerItemProxy */ = {
			isa = PBXContainerItemProxy;
			containerPortal = 464DDF57F35E487DDAB9DD77 /* Project object */;
			proxyType = 1;
			remoteGlobalIDString = 9180ECBDB83F7FBB6499CE82;
			remoteInfo = TokenMon;
		};
/* End PBXContainerItemProxy section */

/* Begin PBXFileReference section */
		003B42A9648BBDAE3C9E54B0 /* ClaudeUsagePoller.swift */ = {isa = PBXFileReference; lastKnownFileType = sourcecode.swift; path = ClaudeUsagePoller.swift; sourceTree = "<group>"; };
		00D0AA7D58BAB50E2263A553 /* OpenCodePanelView.swift */ = {isa = PBXFileReference; lastKnownFileType = sourcecode.swift; path = OpenCodePanelView.swift; sourceTree = "<group>"; };
		020196C688BF33AFB90DE7A2 /* CursorUsagePoller.swift */ = {isa = PBXFileReference; lastKnownFileType = sourcecode.swift; path = CursorUsagePoller.swift; sourceTree = "<group>"; };
		030644365BCFFE7A2313E22A /* DailyUsageBuilder.swift */ = {isa = PBXFileReference; lastKnownFileType = sourcecode.swift; path = DailyUsageBuilder.swift; sourceTree = "<group>"; };
		032915429CC456C18140A256 /* ProviderAuthSession.swift */ = {isa = PBXFileReference; lastKnownFileType = sourcecode.swift; path = ProviderAuthSession.swift; sourceTree = "<group>"; };
		03AC589CC50A5A8F5096383C /* MetricStat.swift */ = {isa = PBXFileReference; lastKnownFileType = sourcecode.swift; path = MetricStat.swift; sourceTree = "<group>"; };
		06706EABCCEE8BFBB27E4D34 /* ClaudeAuthSession.swift */ = {isa = PBXFileReference; lastKnownFileType = sourcecode.swift; path = ClaudeAuthSession.swift; sourceTree = "<group>"; };
		08662DA61F7BDFBFB4B43515 /* OpenCodeAuthSession.swift */ = {isa = PBXFileReference; lastKnownFileType = sourcecode.swift; path = OpenCodeAuthSession.swift; sourceTree = "<group>"; };
		099FD1BC2A4197A918E08DAC /* PanelTypography.swift */ = {isa = PBXFileReference; lastKnownFileType = sourcecode.swift; path = PanelTypography.swift; sourceTree = "<group>"; };
		0D256F75FC792D8E73069426 /* PrivacyInfo.xcprivacy */ = {isa = PBXFileReference; path = PrivacyInfo.xcprivacy; sourceTree = "<group>"; };
		0DB82058780239EE6F551759 /* Assets.xcassets */ = {isa = PBXFileReference; lastKnownFileType = folder.assetcatalog; path = Assets.xcassets; sourceTree = "<group>"; };
		0E32CD2D6C87C59A2BDCAFAB /* OpenCodeModels.swift */ = {isa = PBXFileReference; lastKnownFileType = sourcecode.swift; path = OpenCodeModels.swift; sourceTree = "<group>"; };
		109C20A832B99993387AA770 /* UsageParsingTests.swift */ = {isa = PBXFileReference; lastKnownFileType = sourcecode.swift; path = UsageParsingTests.swift; sourceTree = "<group>"; };
		11611A9328AF1EECD2E0A93C /* UsageModels.swift */ = {isa = PBXFileReference; lastKnownFileType = sourcecode.swift; path = UsageModels.swift; sourceTree = "<group>"; };
		11D27ED5967BC30C7114A5DF /* AppSupport.swift */ = {isa = PBXFileReference; lastKnownFileType = sourcecode.swift; path = AppSupport.swift; sourceTree = "<group>"; };
		14A89536F38C6EF369AC30C7 /* SegmentedUsageBar.swift */ = {isa = PBXFileReference; lastKnownFileType = sourcecode.swift; path = SegmentedUsageBar.swift; sourceTree = "<group>"; };
		154D036BF58DE54C13D288DD /* PollingLoop.swift */ = {isa = PBXFileReference; lastKnownFileType = sourcecode.swift; path = PollingLoop.swift; sourceTree = "<group>"; };
		16D9F017AB73B92AB3B01F10 /* WebKitCookieStore.swift */ = {isa = PBXFileReference; lastKnownFileType = sourcecode.swift; path = WebKitCookieStore.swift; sourceTree = "<group>"; };
		17E6B6DEDE6CA34ED5AB8E01 /* ChatGPTModels.swift */ = {isa = PBXFileReference; lastKnownFileType = sourcecode.swift; path = ChatGPTModels.swift; sourceTree = "<group>"; };
		1B047339E04940B83879F808 /* OpenCodeStatsTests.swift */ = {isa = PBXFileReference; lastKnownFileType = sourcecode.swift; path = OpenCodeStatsTests.swift; sourceTree = "<group>"; };
		1BF9E8622D6F29F6FEC1979D /* ChatGPTUsageClient.swift */ = {isa = PBXFileReference; lastKnownFileType = sourcecode.swift; path = ChatGPTUsageClient.swift; sourceTree = "<group>"; };
		1D56ED51363320E599F80827 /* ProviderRegistry.swift */ = {isa = PBXFileReference; lastKnownFileType = sourcecode.swift; path = ProviderRegistry.swift; sourceTree = "<group>"; };
		1E218501D94C3A3AA4725868 /* OpenCodeZenCostEstimate.swift */ = {isa = PBXFileReference; lastKnownFileType = sourcecode.swift; path = OpenCodeZenCostEstimate.swift; sourceTree = "<group>"; };
		1E5C44595A52641A03B41C72 /* UsageClient.swift */ = {isa = PBXFileReference; lastKnownFileType = sourcecode.swift; path = UsageClient.swift; sourceTree = "<group>"; };
		1EAAAEF33F777C3DC9A5FFD4 /* AuthenticatedRequestTests.swift */ = {isa = PBXFileReference; lastKnownFileType = sourcecode.swift; path = AuthenticatedRequestTests.swift; sourceTree = "<group>"; };
		20CC9D28BC66E69522E91B11 /* OpenCodeConsoleClientTests.swift */ = {isa = PBXFileReference; lastKnownFileType = sourcecode.swift; path = OpenCodeConsoleClientTests.swift; sourceTree = "<group>"; };
		24166148544CA5C059FC8F1F /* AppSettings.swift */ = {isa = PBXFileReference; lastKnownFileType = sourcecode.swift; path = AppSettings.swift; sourceTree = "<group>"; };
		28EC6D5B67D08C3107DCBD35 /* DailyBudget.swift */ = {isa = PBXFileReference; lastKnownFileType = sourcecode.swift; path = DailyBudget.swift; sourceTree = "<group>"; };
		2F665FA86ABF19BA115EFB4B /* ConcentricUsageRingView.swift */ = {isa = PBXFileReference; lastKnownFileType = sourcecode.swift; path = ConcentricUsageRingView.swift; sourceTree = "<group>"; };
		3048C8A62D66B3ED0E61C3E0 /* ClaudeModels.swift */ = {isa = PBXFileReference; lastKnownFileType = sourcecode.swift; path = ClaudeModels.swift; sourceTree = "<group>"; };
		3134A3D28E86BDE453FDADB0 /* CursorUsageClient.swift */ = {isa = PBXFileReference; lastKnownFileType = sourcecode.swift; path = CursorUsageClient.swift; sourceTree = "<group>"; };
		3236D1884085409D04BB2A13 /* AppSupportTests.swift */ = {isa = PBXFileReference; lastKnownFileType = sourcecode.swift; path = AppSupportTests.swift; sourceTree = "<group>"; };
		36C4B1FF750F8B1392D1AC6A /* ClaudePanelView.swift */ = {isa = PBXFileReference; lastKnownFileType = sourcecode.swift; path = ClaudePanelView.swift; sourceTree = "<group>"; };
		39384E817EE6D493EC3E52DB /* Format.swift */ = {isa = PBXFileReference; lastKnownFileType = sourcecode.swift; path = Format.swift; sourceTree = "<group>"; };
		3A6FD45894627C32B2A37E7F /* TokenMon.app */ = {isa = PBXFileReference; explicitFileType = wrapper.application; includeInIndex = 0; path = TokenMon.app; sourceTree = BUILT_PRODUCTS_DIR; };
		3C4E9D4A9882DA1D0ECA5BD5 /* DailyUsageChartView.swift */ = {isa = PBXFileReference; lastKnownFileType = sourcecode.swift; path = DailyUsageChartView.swift; sourceTree = "<group>"; };
		3ED36AE2584D7EB89D2F38BC /* CursorAuthSession.swift */ = {isa = PBXFileReference; lastKnownFileType = sourcecode.swift; path = CursorAuthSession.swift; sourceTree = "<group>"; };
		44726362E79D6B6307501588 /* DailyBudgetTests.swift */ = {isa = PBXFileReference; lastKnownFileType = sourcecode.swift; path = DailyBudgetTests.swift; sourceTree = "<group>"; };
		44E0A6C9D9FC29FAD3F35CC2 /* OpenRouterAuthSessionTests.swift */ = {isa = PBXFileReference; lastKnownFileType = sourcecode.swift; path = OpenRouterAuthSessionTests.swift; sourceTree = "<group>"; };
		452B08F89E54262C8C8C4BD9 /* ChatGPTUsageClientTests.swift */ = {isa = PBXFileReference; lastKnownFileType = sourcecode.swift; path = ChatGPTUsageClientTests.swift; sourceTree = "<group>"; };
		480BE7D0BBA504EAC4370037 /* Info.plist */ = {isa = PBXFileReference; lastKnownFileType = text.plist; path = Info.plist; sourceTree = "<group>"; };
		482D0A6CA3D74D6C4CCD6F24 /* ChatGPTPanelView.swift */ = {isa = PBXFileReference; lastKnownFileType = sourcecode.swift; path = ChatGPTPanelView.swift; sourceTree = "<group>"; };
		4E556046181C6EE06EFD5596 /* HistoryStore.swift */ = {isa = PBXFileReference; lastKnownFileType = sourcecode.swift; path = HistoryStore.swift; sourceTree = "<group>"; };
		4F4D47682593A1EE79DD6A0C /* Domain.swift */ = {isa = PBXFileReference; lastKnownFileType = sourcecode.swift; path = Domain.swift; sourceTree = "<group>"; };
		51455BD0A71FEDBAAF5F8591 /* OpenCodeConsoleClient.swift */ = {isa = PBXFileReference; lastKnownFileType = sourcecode.swift; path = OpenCodeConsoleClient.swift; sourceTree = "<group>"; };
		51E17B841EF448C0AF47E291 /* CursorUsageClientTests.swift */ = {isa = PBXFileReference; lastKnownFileType = sourcecode.swift; path = CursorUsageClientTests.swift; sourceTree = "<group>"; };
		5302334350270C0A547C5C75 /* OpenRouterUsageClient.swift */ = {isa = PBXFileReference; lastKnownFileType = sourcecode.swift; path = OpenRouterUsageClient.swift; sourceTree = "<group>"; };
		53FF46E0F5F38D80A6419B84 /* ClaudeUsageClientTests.swift */ = {isa = PBXFileReference; lastKnownFileType = sourcecode.swift; path = ClaudeUsageClientTests.swift; sourceTree = "<group>"; };
		574F9FE58FAD1743E3B2503D /* BackoffTimerTests.swift */ = {isa = PBXFileReference; lastKnownFileType = sourcecode.swift; path = BackoffTimerTests.swift; sourceTree = "<group>"; };
		57DE707648903EDB3AF63DD9 /* ThresholdNotifierTests.swift */ = {isa = PBXFileReference; lastKnownFileType = sourcecode.swift; path = ThresholdNotifierTests.swift; sourceTree = "<group>"; };
		585A7CA4EC26E9EC85F11B08 /* ProviderAuthSessionTests.swift */ = {isa = PBXFileReference; lastKnownFileType = sourcecode.swift; path = ProviderAuthSessionTests.swift; sourceTree = "<group>"; };
		58689ED2BD6AFB3896556E97 /* OpenCodeLocalStats.swift */ = {isa = PBXFileReference; lastKnownFileType = sourcecode.swift; path = OpenCodeLocalStats.swift; sourceTree = "<group>"; };
		5915E51D49E8D3ADC7F0B9E8 /* PollingLoopTests.swift */ = {isa = PBXFileReference; lastKnownFileType = sourcecode.swift; path = PollingLoopTests.swift; sourceTree = "<group>"; };
		59A75CD9EEFE026263DFB293 /* TokenMonTests.xctest */ = {isa = PBXFileReference; explicitFileType = wrapper.cfbundle; includeInIndex = 0; path = TokenMonTests.xctest; sourceTree = BUILT_PRODUCTS_DIR; };
		6477629704DECD1265006252 /* OpenRouterUsagePoller.swift */ = {isa = PBXFileReference; lastKnownFileType = sourcecode.swift; path = OpenRouterUsagePoller.swift; sourceTree = "<group>"; };
		6AA910F6DC60F8FD9C4B9487 /* ISO8601.swift */ = {isa = PBXFileReference; lastKnownFileType = sourcecode.swift; path = ISO8601.swift; sourceTree = "<group>"; };
		6CD292D52481609A3C0369D3 /* OpenRouterPanelView.swift */ = {isa = PBXFileReference; lastKnownFileType = sourcecode.swift; path = OpenRouterPanelView.swift; sourceTree = "<group>"; };
		6EF44D1ED22184587190FAEF /* SignInSheet.swift */ = {isa = PBXFileReference; lastKnownFileType = sourcecode.swift; path = SignInSheet.swift; sourceTree = "<group>"; };
		7532E728359574D2F985E60E /* ProviderUsagePoller.swift */ = {isa = PBXFileReference; lastKnownFileType = sourcecode.swift; path = ProviderUsagePoller.swift; sourceTree = "<group>"; };
		75358DA29FB869146E6164A1 /* AuthSessionService.swift */ = {isa = PBXFileReference; lastKnownFileType = sourcecode.swift; path = AuthSessionService.swift; sourceTree = "<group>"; };
		7B84CFAAB0D7972BDC20C4DB /* ProviderSwitcherView.swift */ = {isa = PBXFileReference; lastKnownFileType = sourcecode.swift; path = ProviderSwitcherView.swift; sourceTree = "<group>"; };
		7D26259E38D3BC6F2716F14C /* GrokPanelView.swift */ = {isa = PBXFileReference; lastKnownFileType = sourcecode.swift; path = GrokPanelView.swift; sourceTree = "<group>"; };
		7DB9D8707EA6CA028C761114 /* BackoffTimer.swift */ = {isa = PBXFileReference; lastKnownFileType = sourcecode.swift; path = BackoffTimer.swift; sourceTree = "<group>"; };
		7F8A22FFDA52059B9779F01E /* ColorPaletteTests.swift */ = {isa = PBXFileReference; lastKnownFileType = sourcecode.swift; path = ColorPaletteTests.swift; sourceTree = "<group>"; };
		85A90F5DA9774809DA84546D /* OpenCodeLimitBar.swift */ = {isa = PBXFileReference; lastKnownFileType = sourcecode.swift; path = OpenCodeLimitBar.swift; sourceTree = "<group>"; };
		85EFE5125A1EF1DFE9803712 /* OverviewPanelView.swift */ = {isa = PBXFileReference; lastKnownFileType = sourcecode.swift; path = OverviewPanelView.swift; sourceTree = "<group>"; };
		8706C7FD38CEF5A9CD1CD05F /* CursorModels.swift */ = {isa = PBXFileReference; lastKnownFileType = sourcecode.swift; path = CursorModels.swift; sourceTree = "<group>"; };
		87147049DB3C7B775DB7AFF8 /* Percent.swift */ = {isa = PBXFileReference; lastKnownFileType = sourcecode.swift; path = Percent.swift; sourceTree = "<group>"; };
		88F1D02F3A15A666EC3FD672 /* UsagePoller.swift */ = {isa = PBXFileReference; lastKnownFileType = sourcecode.swift; path = UsagePoller.swift; sourceTree = "<group>"; };
		8A5C6B1CABD31B8A6B55C5D7 /* AppDelegate.swift */ = {isa = PBXFileReference; lastKnownFileType = sourcecode.swift; path = AppDelegate.swift; sourceTree = "<group>"; };
		8F41AD315BF3B0000052680F /* CursorSignInSheet.swift */ = {isa = PBXFileReference; lastKnownFileType = sourcecode.swift; path = CursorSignInSheet.swift; sourceTree = "<group>"; };
		934A697EDDA16BA55972B23D /* AppLog.swift */ = {isa = PBXFileReference; lastKnownFileType = sourcecode.swift; path = AppLog.swift; sourceTree = "<group>"; };
		945C71AC56642FF8A1C1100E /* ProviderSignInButton.swift */ = {isa = PBXFileReference; lastKnownFileType = sourcecode.swift; path = ProviderSignInButton.swift; sourceTree = "<group>"; };
		96616027EAA5189BC18E97E6 /* OpenCodeSignInSheet.swift */ = {isa = PBXFileReference; lastKnownFileType = sourcecode.swift; path = OpenCodeSignInSheet.swift; sourceTree = "<group>"; };
		9B702888EEE669BE5E778C5F /* DailyQuotaDeltaStore.swift */ = {isa = PBXFileReference; lastKnownFileType = sourcecode.swift; path = DailyQuotaDeltaStore.swift; sourceTree = "<group>"; };
		9D9F3805067CAD5F9D7A9F5C /* ProviderLogo.swift */ = {isa = PBXFileReference; lastKnownFileType = sourcecode.swift; path = ProviderLogo.swift; sourceTree = "<group>"; };
		9DE9ECA5176C08F0FECEABDD /* WebKitCookieCaptureTests.swift */ = {isa = PBXFileReference; lastKnownFileType = sourcecode.swift; path = WebKitCookieCaptureTests.swift; sourceTree = "<group>"; };
		A37FC6F12B3E19C5C9A8C445 /* HistoryStoreTests.swift */ = {isa = PBXFileReference; lastKnownFileType = sourcecode.swift; path = HistoryStoreTests.swift; sourceTree = "<group>"; };
		A3E0CB1C6A364F5D4CD66107 /* MenuBarStatusRenderer.swift */ = {isa = PBXFileReference; lastKnownFileType = sourcecode.swift; path = MenuBarStatusRenderer.swift; sourceTree = "<group>"; };
		A5ACBC34ED6149E7FE47FED6 /* ClaudeUsageClient.swift */ = {isa = PBXFileReference; lastKnownFileType = sourcecode.swift; path = ClaudeUsageClient.swift; sourceTree = "<group>"; };
		AB26C41073DFA4948EA31E64 /* ThresholdNotifier.swift */ = {isa = PBXFileReference; lastKnownFileType = sourcecode.swift; path = ThresholdNotifier.swift; sourceTree = "<group>"; };
		AB38678DE2EC99D7178876D6 /* FormatTests.swift */ = {isa = PBXFileReference; lastKnownFileType = sourcecode.swift; path = FormatTests.swift; sourceTree = "<group>"; };
		AD751090B98E360ADFBE6CFC /* UsageError.swift */ = {isa = PBXFileReference; lastKnownFileType = sourcecode.swift; path = UsageError.swift; sourceTree = "<group>"; };
		B032B25B8302246F90BA667E /* JSON.swift */ = {isa = PBXFileReference; lastKnownFileType = sourcecode.swift; path = JSON.swift; sourceTree = "<group>"; };
		B06D2986FD8F4702604E852D /* DailyQuotaDeltaStoreTests.swift */ = {isa = PBXFileReference; lastKnownFileType = sourcecode.swift; path = DailyQuotaDeltaStoreTests.swift; sourceTree = "<group>"; };
		B161EEE25050CED17FBFC98B /* ProviderHourlyUsage.swift */ = {isa = PBXFileReference; lastKnownFileType = sourcecode.swift; path = ProviderHourlyUsage.swift; sourceTree = "<group>"; };
		B295E6C1B0146F0086543DCB /* SlimUsageTrack.swift */ = {isa = PBXFileReference; lastKnownFileType = sourcecode.swift; path = SlimUsageTrack.swift; sourceTree = "<group>"; };
		B2BA87CC7E75A176DAC734DB /* ColorPalette.swift */ = {isa = PBXFileReference; lastKnownFileType = sourcecode.swift; path = ColorPalette.swift; sourceTree = "<group>"; };
		B68FE75A96E4091616408783 /* WebKitCookieCapture.swift */ = {isa = PBXFileReference; lastKnownFileType = sourcecode.swift; path = WebKitCookieCapture.swift; sourceTree = "<group>"; };
		B69E3BE6CB2BB7A9F0EAC5E4 /* FileBackedStringStore.swift */ = {isa = PBXFileReference; lastKnownFileType = sourcecode.swift; path = FileBackedStringStore.swift; sourceTree = "<group>"; };
		BDF40560D85850DB0EC7F326 /* HourlyDeltaActivityStoreTests.swift */ = {isa = PBXFileReference; lastKnownFileType = sourcecode.swift; path = HourlyDeltaActivityStoreTests.swift; sourceTree = "<group>"; };
		BF58255DAC5BC7E940010E74 /* JSONTests.swift */ = {isa = PBXFileReference; lastKnownFileType = sourcecode.swift; path = JSONTests.swift; sourceTree = "<group>"; };
		BF6AC35F4CA9880F1717E452 /* MenuBarLabelView.swift */ = {isa = PBXFileReference; lastKnownFileType = sourcecode.swift; path = MenuBarLabelView.swift; sourceTree = "<group>"; };
		C16C9B6ED2EA4419F6622D08 /* HourlyDeltaActivityStore.swift */ = {isa = PBXFileReference; lastKnownFileType = sourcecode.swift; path = HourlyDeltaActivityStore.swift; sourceTree = "<group>"; };
		C31933106A9D643D9A424D46 /* OverviewHourlyUsageChart.swift */ = {isa = PBXFileReference; lastKnownFileType = sourcecode.swift; path = OverviewHourlyUsageChart.swift; sourceTree = "<group>"; };
		CC222617652A6DEB37620B31 /* CategoryRow.swift */ = {isa = PBXFileReference; lastKnownFileType = sourcecode.swift; path = CategoryRow.swift; sourceTree = "<group>"; };
		CCF1A4C740FAB8D1701D593C /* CursorPanelView.swift */ = {isa = PBXFileReference; lastKnownFileType = sourcecode.swift; path = CursorPanelView.swift; sourceTree = "<group>"; };
		CD4C88DCF208BC0FCA1749B3 /* MenuBarPanelView.swift */ = {isa = PBXFileReference; lastKnownFileType = sourcecode.swift; path = MenuBarPanelView.swift; sourceTree = "<group>"; };
		CF9FC52F5B876054D131A89B /* AuthenticatedRequest.swift */ = {isa = PBXFileReference; lastKnownFileType = sourcecode.swift; path = AuthenticatedRequest.swift; sourceTree = "<group>"; };
		D186C3CB20B54DDB51682D2A /* ProviderSignInSheet.swift */ = {isa = PBXFileReference; lastKnownFileType = sourcecode.swift; path = ProviderSignInSheet.swift; sourceTree = "<group>"; };
		D5008BEBDDA049505BF06BC7 /* MonitorProvider.swift */ = {isa = PBXFileReference; lastKnownFileType = sourcecode.swift; path = MonitorProvider.swift; sourceTree = "<group>"; };
		D78FE8D9B9D2534DD07FB991 /* TokenMonApp.swift */ = {isa = PBXFileReference; lastKnownFileType = sourcecode.swift; path = TokenMonApp.swift; sourceTree = "<group>"; };
		D990A5674BB462011AB5AF9C /* OpenRouterAuthSession.swift */ = {isa = PBXFileReference; lastKnownFileType = sourcecode.swift; path = OpenRouterAuthSession.swift; sourceTree = "<group>"; };
		DBA32D7858CB4723209A8A77 /* TokenMon.entitlements */ = {isa = PBXFileReference; lastKnownFileType = text.plist.entitlements; path = TokenMon.entitlements; sourceTree = "<group>"; };
		DC4A83133D58CA8EFB9E0C82 /* ChatGPTSignInView.swift */ = {isa = PBXFileReference; lastKnownFileType = sourcecode.swift; path = ChatGPTSignInView.swift; sourceTree = "<group>"; };
		DDE9B2E5E834AAC33179D1D0 /* PreferencesView.swift */ = {isa = PBXFileReference; lastKnownFileType = sourcecode.swift; path = PreferencesView.swift; sourceTree = "<group>"; };
		E45F0294D7F6833156223A81 /* UsageErrorTests.swift */ = {isa = PBXFileReference; lastKnownFileType = sourcecode.swift; path = UsageErrorTests.swift; sourceTree = "<group>"; };
		E5685652948176D011F6AD18 /* ProductCatalogTests.swift */ = {isa = PBXFileReference; lastKnownFileType = sourcecode.swift; path = ProductCatalogTests.swift; sourceTree = "<group>"; };
		E5BCCDA1B3628DD8C3055CD5 /* PanelCard.swift */ = {isa = PBXFileReference; lastKnownFileType = sourcecode.swift; path = PanelCard.swift; sourceTree = "<group>"; };
		E691B506EBE3CF5627C84A26 /* AppSettingsTests.swift */ = {isa = PBXFileReference; lastKnownFileType = sourcecode.swift; path = AppSettingsTests.swift; sourceTree = "<group>"; };
		E7DD4BD107A72D61C50B064B /* OpenRouterModelsTests.swift */ = {isa = PBXFileReference; lastKnownFileType = sourcecode.swift; path = OpenRouterModelsTests.swift; sourceTree = "<group>"; };
		EA0D9A804736F4798B109224 /* ChatGPTUsagePoller.swift */ = {isa = PBXFileReference; lastKnownFileType = sourcecode.swift; path = ChatGPTUsagePoller.swift; sourceTree = "<group>"; };
		EA281FA162A6CB5D1F2A2904 /* ExportService.swift */ = {isa = PBXFileReference; lastKnownFileType = sourcecode.swift; path = ExportService.swift; sourceTree = "<group>"; };
		EBF346B5976F1C2455634F18 /* OpenCodeUsagePoller.swift */ = {isa = PBXFileReference; lastKnownFileType = sourcecode.swift; path = OpenCodeUsagePoller.swift; sourceTree = "<group>"; };
		EF9B63ACDE0C52F1A1AB1CF8 /* ProviderSignInWebView.swift */ = {isa = PBXFileReference; lastKnownFileType = sourcecode.swift; path = ProviderSignInWebView.swift; sourceTree = "<group>"; };
		F119E47CC0BF956CD51DE1AA /* OpenRouterModels.swift */ = {isa = PBXFileReference; lastKnownFileType = sourcecode.swift; path = OpenRouterModels.swift; sourceTree = "<group>"; };
		F425A77810D136532C239692 /* ChatGPTAuthSession.swift */ = {isa = PBXFileReference; lastKnownFileType = sourcecode.swift; path = ChatGPTAuthSession.swift; sourceTree = "<group>"; };
		F6070D087A85C991DAFEF49E /* ClaudeSignInView.swift */ = {isa = PBXFileReference; lastKnownFileType = sourcecode.swift; path = ClaudeSignInView.swift; sourceTree = "<group>"; };
		F70542120C2CDBAA2BA56F63 /* ProviderSignOutButton.swift */ = {isa = PBXFileReference; lastKnownFileType = sourcecode.swift; path = ProviderSignOutButton.swift; sourceTree = "<group>"; };
		FA55668290D2300298B0BC29 /* DailyBudgetBarsView.swift */ = {isa = PBXFileReference; lastKnownFileType = sourcecode.swift; path = DailyBudgetBarsView.swift; sourceTree = "<group>"; };
/* End PBXFileReference section */

/* Begin PBXGroup section */
		07F1AA6697C8BB4B3DDA6FB3 /* Products */ = {
			isa = PBXGroup;
			children = (
				3A6FD45894627C32B2A37E7F /* TokenMon.app */,
				59A75CD9EEFE026263DFB293 /* TokenMonTests.xctest */,
			);
			name = Products;
			sourceTree = "<group>";
		};
		14E7E7AC2F14B79ECE853460 /* OpenCode */ = {
			isa = PBXGroup;
			children = (
				20CC9D28BC66E69522E91B11 /* OpenCodeConsoleClientTests.swift */,
				1B047339E04940B83879F808 /* OpenCodeStatsTests.swift */,
			);
			path = OpenCode;
			sourceTree = "<group>";
		};
		189E269EC8C6AF992DED1A6C /* Settings */ = {
			isa = PBXGroup;
			children = (
				24166148544CA5C059FC8F1F /* AppSettings.swift */,
				DDE9B2E5E834AAC33179D1D0 /* PreferencesView.swift */,
			);
			path = Settings;
			sourceTree = "<group>";
		};
		323C7534A25213DF30BAB67A /* Grok */ = {
			isa = PBXGroup;
			children = (
				7D26259E38D3BC6F2716F14C /* GrokPanelView.swift */,
				E96AB462D1092AD9F873B6F8 /* Alerts */,
				4CBE8DC0C8EFCC452F06609E /* Auth */,
				E9B9B3DF38B64A716B8465B4 /* History */,
				EE424FFBAEE66F0CC5DFD7A6 /* Usage */,
			);
			path = Grok;
			sourceTree = "<group>";
		};
		35B7E7BD0BDB2B520766D600 /* OpenRouter */ = {
			isa = PBXGroup;
			children = (
				D990A5674BB462011AB5AF9C /* OpenRouterAuthSession.swift */,
				F119E47CC0BF956CD51DE1AA /* OpenRouterModels.swift */,
				6CD292D52481609A3C0369D3 /* OpenRouterPanelView.swift */,
				5302334350270C0A547C5C75 /* OpenRouterUsageClient.swift */,
				6477629704DECD1265006252 /* OpenRouterUsagePoller.swift */,
			);
			path = OpenRouter;
			sourceTree = "<group>";
		};
		472EDCD1173B2D6EA40659E7 /* TokenMonTests */ = {
			isa = PBXGroup;
			children = (
				D9BC8B5C6AE4C1837F2E7C9E /* ChatGPT */,
				E2D368A967B242E35AE1A153 /* Claude */,
				A3527F2E0E092F9483313FCD /* Cursor */,
				ABCE3D53980E7B448433F315 /* Grok */,
				14E7E7AC2F14B79ECE853460 /* OpenCode */,
				ED88AD399BFA57785F462472 /* OpenRouter */,
				7EF76460DBC5B3DDF26A161D /* Shared */,
			);
			path = TokenMonTests;
			sourceTree = "<group>";
		};
		4CBE8DC0C8EFCC452F06609E /* Auth */ = {
			isa = PBXGroup;
			children = (
				75358DA29FB869146E6164A1 /* AuthSessionService.swift */,
				6EF44D1ED22184587190FAEF /* SignInSheet.swift */,
			);
			path = Auth;
			sourceTree = "<group>";
		};
		520E89ED22BB7BFF48EE41F6 /* Shared */ = {
			isa = PBXGroup;
			children = (
				934A697EDDA16BA55972B23D /* AppLog.swift */,
				11D27ED5967BC30C7114A5DF /* AppSupport.swift */,
				CF9FC52F5B876054D131A89B /* AuthenticatedRequest.swift */,
				7DB9D8707EA6CA028C761114 /* BackoffTimer.swift */,
				B2BA87CC7E75A176DAC734DB /* ColorPalette.swift */,
				28EC6D5B67D08C3107DCBD35 /* DailyBudget.swift */,
				FA55668290D2300298B0BC29 /* DailyBudgetBarsView.swift */,
				9B702888EEE669BE5E778C5F /* DailyQuotaDeltaStore.swift */,
				4F4D47682593A1EE79DD6A0C /* Domain.swift */,
				B69E3BE6CB2BB7A9F0EAC5E4 /* FileBackedStringStore.swift */,
				39384E817EE6D493EC3E52DB /* Format.swift */,
				C16C9B6ED2EA4419F6622D08 /* HourlyDeltaActivityStore.swift */,
				6AA910F6DC60F8FD9C4B9487 /* ISO8601.swift */,
				B032B25B8302246F90BA667E /* JSON.swift */,
				03AC589CC50A5A8F5096383C /* MetricStat.swift */,
				E5BCCDA1B3628DD8C3055CD5 /* PanelCard.swift */,
				099FD1BC2A4197A918E08DAC /* PanelTypography.swift */,
				87147049DB3C7B775DB7AFF8 /* Percent.swift */,
				154D036BF58DE54C13D288DD /* PollingLoop.swift */,
				032915429CC456C18140A256 /* ProviderAuthSession.swift */,
				945C71AC56642FF8A1C1100E /* ProviderSignInButton.swift */,
				D186C3CB20B54DDB51682D2A /* ProviderSignInSheet.swift */,
				EF9B63ACDE0C52F1A1AB1CF8 /* ProviderSignInWebView.swift */,
				F70542120C2CDBAA2BA56F63 /* ProviderSignOutButton.swift */,
				7532E728359574D2F985E60E /* ProviderUsagePoller.swift */,
				B295E6C1B0146F0086543DCB /* SlimUsageTrack.swift */,
				AD751090B98E360ADFBE6CFC /* UsageError.swift */,
				B68FE75A96E4091616408783 /* WebKitCookieCapture.swift */,
				16D9F017AB73B92AB3B01F10 /* WebKitCookieStore.swift */,
			);
			path = Shared;
			sourceTree = "<group>";
		};
		5EC04F79F889F82C3BDBDB5A /* ChatGPT */ = {
			isa = PBXGroup;
			children = (
				F425A77810D136532C239692 /* ChatGPTAuthSession.swift */,
				17E6B6DEDE6CA34ED5AB8E01 /* ChatGPTModels.swift */,
				482D0A6CA3D74D6C4CCD6F24 /* ChatGPTPanelView.swift */,
				DC4A83133D58CA8EFB9E0C82 /* ChatGPTSignInView.swift */,
				1BF9E8622D6F29F6FEC1979D /* ChatGPTUsageClient.swift */,
				EA0D9A804736F4798B109224 /* ChatGPTUsagePoller.swift */,
			);
			path = ChatGPT;
			sourceTree = "<group>";
		};
		79F7EC8880C2053BF96D605C = {
			isa = PBXGroup;
			children = (
				964A23DF2A68A517A26D80C0 /* TokenMon */,
				472EDCD1173B2D6EA40659E7 /* TokenMonTests */,
				07F1AA6697C8BB4B3DDA6FB3 /* Products */,
			);
			sourceTree = "<group>";
		};
		7D8F3B5D0C6F746A5C3BDE02 /* Claude */ = {
			isa = PBXGroup;
			children = (
				06706EABCCEE8BFBB27E4D34 /* ClaudeAuthSession.swift */,
				3048C8A62D66B3ED0E61C3E0 /* ClaudeModels.swift */,
				36C4B1FF750F8B1392D1AC6A /* ClaudePanelView.swift */,
				F6070D087A85C991DAFEF49E /* ClaudeSignInView.swift */,
				A5ACBC34ED6149E7FE47FED6 /* ClaudeUsageClient.swift */,
				003B42A9648BBDAE3C9E54B0 /* ClaudeUsagePoller.swift */,
			);
			path = Claude;
			sourceTree = "<group>";
		};
		7EF76460DBC5B3DDF26A161D /* Shared */ = {
			isa = PBXGroup;
			children = (
				E691B506EBE3CF5627C84A26 /* AppSettingsTests.swift */,
				3236D1884085409D04BB2A13 /* AppSupportTests.swift */,
				1EAAAEF33F777C3DC9A5FFD4 /* AuthenticatedRequestTests.swift */,
				574F9FE58FAD1743E3B2503D /* BackoffTimerTests.swift */,
				7F8A22FFDA52059B9779F01E /* ColorPaletteTests.swift */,
				B06D2986FD8F4702604E852D /* DailyQuotaDeltaStoreTests.swift */,
				AB38678DE2EC99D7178876D6 /* FormatTests.swift */,
				A37FC6F12B3E19C5C9A8C445 /* HistoryStoreTests.swift */,
				BDF40560D85850DB0EC7F326 /* HourlyDeltaActivityStoreTests.swift */,
				BF58255DAC5BC7E940010E74 /* JSONTests.swift */,
				5915E51D49E8D3ADC7F0B9E8 /* PollingLoopTests.swift */,
				585A7CA4EC26E9EC85F11B08 /* ProviderAuthSessionTests.swift */,
				E45F0294D7F6833156223A81 /* UsageErrorTests.swift */,
				9DE9ECA5176C08F0FECEABDD /* WebKitCookieCaptureTests.swift */,
			);
			path = Shared;
			sourceTree = "<group>";
		};
		93B452F56631339DB2F9C9D6 /* Overview */ = {
			isa = PBXGroup;
			children = (
				2F665FA86ABF19BA115EFB4B /* ConcentricUsageRingView.swift */,
				C31933106A9D643D9A424D46 /* OverviewHourlyUsageChart.swift */,
				85EFE5125A1EF1DFE9803712 /* OverviewPanelView.swift */,
				B161EEE25050CED17FBFC98B /* ProviderHourlyUsage.swift */,
			);
			path = Overview;
			sourceTree = "<group>";
		};
		964A23DF2A68A517A26D80C0 /* TokenMon */ = {
			isa = PBXGroup;
			children = (
				C59DCA6BA7456A692D82B682 /* App */,
				C5EAB21D8D68D689D7FF9951 /* Features */,
				F460283226C52F4D9BBBE701 /* Resources */,
			);
			path = TokenMon;
			sourceTree = "<group>";
		};
		9D8622823D193617612E1255 /* Cursor */ = {
			isa = PBXGroup;
			children = (
				3ED36AE2584D7EB89D2F38BC /* CursorAuthSession.swift */,
				8706C7FD38CEF5A9CD1CD05F /* CursorModels.swift */,
				CCF1A4C740FAB8D1701D593C /* CursorPanelView.swift */,
				8F41AD315BF3B0000052680F /* CursorSignInSheet.swift */,
				3134A3D28E86BDE453FDADB0 /* CursorUsageClient.swift */,
				020196C688BF33AFB90DE7A2 /* CursorUsagePoller.swift */,
			);
			path = Cursor;
			sourceTree = "<group>";
		};
		A3527F2E0E092F9483313FCD /* Cursor */ = {
			isa = PBXGroup;
			children = (
				51E17B841EF448C0AF47E291 /* CursorUsageClientTests.swift */,
			);
			path = Cursor;
			sourceTree = "<group>";
		};
		ABCE3D53980E7B448433F315 /* Grok */ = {
			isa = PBXGroup;
			children = (
				44726362E79D6B6307501588 /* DailyBudgetTests.swift */,
				E5685652948176D011F6AD18 /* ProductCatalogTests.swift */,
				57DE707648903EDB3AF63DD9 /* ThresholdNotifierTests.swift */,
				109C20A832B99993387AA770 /* UsageParsingTests.swift */,
			);
			path = Grok;
			sourceTree = "<group>";
		};
		AFD0AD18078048D22D3606A1 /* OpenCode */ = {
			isa = PBXGroup;
			children = (
				08662DA61F7BDFBFB4B43515 /* OpenCodeAuthSession.swift */,
				51455BD0A71FEDBAAF5F8591 /* OpenCodeConsoleClient.swift */,
				85A90F5DA9774809DA84546D /* OpenCodeLimitBar.swift */,
				58689ED2BD6AFB3896556E97 /* OpenCodeLocalStats.swift */,
				0E32CD2D6C87C59A2BDCAFAB /* OpenCodeModels.swift */,
				00D0AA7D58BAB50E2263A553 /* OpenCodePanelView.swift */,
				96616027EAA5189BC18E97E6 /* OpenCodeSignInSheet.swift */,
				EBF346B5976F1C2455634F18 /* OpenCodeUsagePoller.swift */,
				1E218501D94C3A3AA4725868 /* OpenCodeZenCostEstimate.swift */,
			);
			path = OpenCode;
			sourceTree = "<group>";
		};
		B5B3F963958BE61A1E05005E /* MenuBar */ = {
			isa = PBXGroup;
			children = (
				CC222617652A6DEB37620B31 /* CategoryRow.swift */,
				3C4E9D4A9882DA1D0ECA5BD5 /* DailyUsageChartView.swift */,
				BF6AC35F4CA9880F1717E452 /* MenuBarLabelView.swift */,
				CD4C88DCF208BC0FCA1749B3 /* MenuBarPanelView.swift */,
				A3E0CB1C6A364F5D4CD66107 /* MenuBarStatusRenderer.swift */,
				14A89536F38C6EF369AC30C7 /* SegmentedUsageBar.swift */,
			);
			path = MenuBar;
			sourceTree = "<group>";
		};
		C59DCA6BA7456A692D82B682 /* App */ = {
			isa = PBXGroup;
			children = (
				8A5C6B1CABD31B8A6B55C5D7 /* AppDelegate.swift */,
				D78FE8D9B9D2534DD07FB991 /* TokenMonApp.swift */,
			);
			path = App;
			sourceTree = "<group>";
		};
		C5EAB21D8D68D689D7FF9951 /* Features */ = {
			isa = PBXGroup;
			children = (
				5EC04F79F889F82C3BDBDB5A /* ChatGPT */,
				7D8F3B5D0C6F746A5C3BDE02 /* Claude */,
				9D8622823D193617612E1255 /* Cursor */,
				323C7534A25213DF30BAB67A /* Grok */,
				B5B3F963958BE61A1E05005E /* MenuBar */,
				AFD0AD18078048D22D3606A1 /* OpenCode */,
				35B7E7BD0BDB2B520766D600 /* OpenRouter */,
				93B452F56631339DB2F9C9D6 /* Overview */,
				DD95A58EAD040306BA6594D2 /* Provider */,
				189E269EC8C6AF992DED1A6C /* Settings */,
				520E89ED22BB7BFF48EE41F6 /* Shared */,
			);
			path = Features;
			sourceTree = "<group>";
		};
		D9BC8B5C6AE4C1837F2E7C9E /* ChatGPT */ = {
			isa = PBXGroup;
			children = (
				452B08F89E54262C8C8C4BD9 /* ChatGPTUsageClientTests.swift */,
			);
			path = ChatGPT;
			sourceTree = "<group>";
		};
		DD95A58EAD040306BA6594D2 /* Provider */ = {
			isa = PBXGroup;
			children = (
				D5008BEBDDA049505BF06BC7 /* MonitorProvider.swift */,
				9D9F3805067CAD5F9D7A9F5C /* ProviderLogo.swift */,
				1D56ED51363320E599F80827 /* ProviderRegistry.swift */,
				7B84CFAAB0D7972BDC20C4DB /* ProviderSwitcherView.swift */,
			);
			path = Provider;
			sourceTree = "<group>";
		};
		E2D368A967B242E35AE1A153 /* Claude */ = {
			isa = PBXGroup;
			children = (
				53FF46E0F5F38D80A6419B84 /* ClaudeUsageClientTests.swift */,
			);
			path = Claude;
			sourceTree = "<group>";
		};
		E96AB462D1092AD9F873B6F8 /* Alerts */ = {
			isa = PBXGroup;
			children = (
				AB26C41073DFA4948EA31E64 /* ThresholdNotifier.swift */,
			);
			path = Alerts;
			sourceTree = "<group>";
		};
		E9B9B3DF38B64A716B8465B4 /* History */ = {
			isa = PBXGroup;
			children = (
				EA281FA162A6CB5D1F2A2904 /* ExportService.swift */,
				4E556046181C6EE06EFD5596 /* HistoryStore.swift */,
			);
			path = History;
			sourceTree = "<group>";
		};
		ED88AD399BFA57785F462472 /* OpenRouter */ = {
			isa = PBXGroup;
			children = (
				44E0A6C9D9FC29FAD3F35CC2 /* OpenRouterAuthSessionTests.swift */,
				E7DD4BD107A72D61C50B064B /* OpenRouterModelsTests.swift */,
			);
			path = OpenRouter;
			sourceTree = "<group>";
		};
		EE424FFBAEE66F0CC5DFD7A6 /* Usage */ = {
			isa = PBXGroup;
			children = (
				030644365BCFFE7A2313E22A /* DailyUsageBuilder.swift */,
				1E5C44595A52641A03B41C72 /* UsageClient.swift */,
				11611A9328AF1EECD2E0A93C /* UsageModels.swift */,
				88F1D02F3A15A666EC3FD672 /* UsagePoller.swift */,
			);
			path = Usage;
			sourceTree = "<group>";
		};
		F460283226C52F4D9BBBE701 /* Resources */ = {
			isa = PBXGroup;
			children = (
				0DB82058780239EE6F551759 /* Assets.xcassets */,
				480BE7D0BBA504EAC4370037 /* Info.plist */,
				0D256F75FC792D8E73069426 /* PrivacyInfo.xcprivacy */,
				DBA32D7858CB4723209A8A77 /* TokenMon.entitlements */,
			);
			path = Resources;
			sourceTree = "<group>";
		};
/* End PBXGroup section */

/* Begin PBXNativeTarget section */
		9180ECBDB83F7FBB6499CE82 /* TokenMon */ = {
			isa = PBXNativeTarget;
			buildConfigurationList = E004E19B8453D6BE7CF821FD /* Build configuration list for PBXNativeTarget "TokenMon" */;
			buildPhases = (
				F9BBC6FA11313897FE9D5AD5 /* Sources */,
				F135D99F97D00BA2864BCE1D /* Resources */,
			);
			buildRules = (
			);
			dependencies = (
			);
			name = TokenMon;
			packageProductDependencies = (
			);
			productName = TokenMon;
			productReference = 3A6FD45894627C32B2A37E7F /* TokenMon.app */;
			productType = "com.apple.product-type.application";
		};
		D18183EC133C2995E728F977 /* TokenMonTests */ = {
			isa = PBXNativeTarget;
			buildConfigurationList = EBDBACFE441C616664032740 /* Build configuration list for PBXNativeTarget "TokenMonTests" */;
			buildPhases = (
				8F0429D67D4D158FB932246C /* Sources */,
			);
			buildRules = (
			);
			dependencies = (
				9971597EC42DAE38BE105D3F /* PBXTargetDependency */,
			);
			name = TokenMonTests;
			packageProductDependencies = (
			);
			productName = TokenMonTests;
			productReference = 59A75CD9EEFE026263DFB293 /* TokenMonTests.xctest */;
			productType = "com.apple.product-type.bundle.unit-test";
		};
/* End PBXNativeTarget section */

/* Begin PBXProject section */
		464DDF57F35E487DDAB9DD77 /* Project object */ = {
			isa = PBXProject;
			attributes = {
				BuildIndependentTargetsInParallel = YES;
				LastUpgradeCheck = 1430;
				TargetAttributes = {
					9180ECBDB83F7FBB6499CE82 = {
						ProvisioningStyle = Automatic;
					};
					D18183EC133C2995E728F977 = {
						ProvisioningStyle = Automatic;
					};
				};
			};
			buildConfigurationList = A3777E9A95F6350EF9AD4911 /* Build configuration list for PBXProject "TokenMon" */;
			developmentRegion = en;
			hasScannedForEncodings = 0;
			knownRegions = (
				Base,
				en,
			);
			mainGroup = 79F7EC8880C2053BF96D605C;
			minimizedProjectReferenceProxies = 1;
			preferredProjectObjectVersion = 77;
			productRefGroup = 07F1AA6697C8BB4B3DDA6FB3 /* Products */;
			projectDirPath = "";
			projectRoot = "";
			targets = (
				9180ECBDB83F7FBB6499CE82 /* TokenMon */,
				D18183EC133C2995E728F977 /* TokenMonTests */,
			);
		};
/* End PBXProject section */

/* Begin PBXResourcesBuildPhase section */
		F135D99F97D00BA2864BCE1D /* Resources */ = {
			isa = PBXResourcesBuildPhase;
			buildActionMask = 2147483647;
			files = (
				6194CDF488B1A7A92DCD5DB0 /* Assets.xcassets in Resources */,
				ECF4D935AA82598C077C7045 /* PrivacyInfo.xcprivacy in Resources */,
			);
			runOnlyForDeploymentPostprocessing = 0;
		};
/* End PBXResourcesBuildPhase section */

/* Begin PBXSourcesBuildPhase section */
		8F0429D67D4D158FB932246C /* Sources */ = {
			isa = PBXSourcesBuildPhase;
			buildActionMask = 2147483647;
			files = (
				CD23EECB6013B960DC54F329 /* AppSettingsTests.swift in Sources */,
				A3B6205627F823688673DEA1 /* AppSupportTests.swift in Sources */,
				15F553874A8EE19A5C537A8D /* AuthenticatedRequestTests.swift in Sources */,
				1542A10594C8C93D533C97CE /* BackoffTimerTests.swift in Sources */,
				FE68AB65CCB153879BB99EF9 /* ChatGPTUsageClientTests.swift in Sources */,
				AEBCDAB3A1B0E33D416D3668 /* ClaudeUsageClientTests.swift in Sources */,
				433B2FEACC4CCD5241D0DAA6 /* ColorPaletteTests.swift in Sources */,
				E141DD24CE9930A269665594 /* CursorUsageClientTests.swift in Sources */,
				F343F1F69EF51F172B713978 /* DailyBudgetTests.swift in Sources */,
				3F4D8F82AFD4D3993B37CC29 /* DailyQuotaDeltaStoreTests.swift in Sources */,
				74281CAC0D8F8FAC72694DCE /* FormatTests.swift in Sources */,
				86208DBEB0D029C1E2E2603D /* HistoryStoreTests.swift in Sources */,
				C66EA68B69D41BE27419E22C /* HourlyDeltaActivityStoreTests.swift in Sources */,
				0C0E31AE65D50DCB12474E92 /* JSONTests.swift in Sources */,
				962BB066A9FDA634D3F391D9 /* OpenCodeConsoleClientTests.swift in Sources */,
				17B6500D43004D64A3A1716B /* OpenCodeStatsTests.swift in Sources */,
				F168BFFEBC910644288539E2 /* OpenRouterAuthSessionTests.swift in Sources */,
				230F134178B6141A959B2B8C /* OpenRouterModelsTests.swift in Sources */,
				91BA6407EED2CB169F464C1E /* PollingLoopTests.swift in Sources */,
				6D3C3BF5E179DD1B60147EEB /* ProductCatalogTests.swift in Sources */,
				43AD17BBF1053D89C6FC6425 /* ProviderAuthSessionTests.swift in Sources */,
				67CB3BAF2D6D0B348912F873 /* ThresholdNotifierTests.swift in Sources */,
				0BB018BAFAAC2ED403FC8B46 /* UsageErrorTests.swift in Sources */,
				FCAA4923ECFBDE36BFA3CA32 /* UsageParsingTests.swift in Sources */,
				6FA1E641E5442AE0067C6D40 /* WebKitCookieCaptureTests.swift in Sources */,
			);
			runOnlyForDeploymentPostprocessing = 0;
		};
		F9BBC6FA11313897FE9D5AD5 /* Sources */ = {
			isa = PBXSourcesBuildPhase;
			buildActionMask = 2147483647;
			files = (
				8BB76C62F022DC30E7C84C5C /* AppDelegate.swift in Sources */,
				D380AAE7608BA66462E03D34 /* AppLog.swift in Sources */,
				7C298DAD89E195A701911BFA /* AppSettings.swift in Sources */,
				D46146C0A265B0CDD68F84AC /* AppSupport.swift in Sources */,
				32D1E185274A0A66DDF9F8B4 /* AuthSessionService.swift in Sources */,
				B222C1004FD4091D0EB5F586 /* AuthenticatedRequest.swift in Sources */,
				C811978D0E180F43FA791234 /* BackoffTimer.swift in Sources */,
				26D7E8FC5A81B94D8DA6386F /* CategoryRow.swift in Sources */,
				C1795A6C92E0D12F8D0BEB65 /* ChatGPTAuthSession.swift in Sources */,
				B5F252E5D89FC411DD3BFBAB /* ChatGPTModels.swift in Sources */,
				8D1DCED4BEC7DE66DEF30C47 /* ChatGPTPanelView.swift in Sources */,
				4CE28448F0C6FAA8AE2C4128 /* ChatGPTSignInView.swift in Sources */,
				8C924889FB306E348C39D678 /* ChatGPTUsageClient.swift in Sources */,
				D1423366193D8B558F1447AD /* ChatGPTUsagePoller.swift in Sources */,
				9DBA6C0086EDE5F17D97846D /* ClaudeAuthSession.swift in Sources */,
				B83613535B40150EB4F89F9B /* ClaudeModels.swift in Sources */,
				9537EFEF8921BFCC6A7CDEBD /* ClaudePanelView.swift in Sources */,
				2FC7F4B60CAD4CCC34BB0D2A /* ClaudeSignInView.swift in Sources */,
				F9C2F0789C729F88EE3511E5 /* ClaudeUsageClient.swift in Sources */,
				1A87513EEBB6591936457416 /* ClaudeUsagePoller.swift in Sources */,
				2247415495F4C60331207D12 /* ColorPalette.swift in Sources */,
				08E55E6E8941B7800D091106 /* ConcentricUsageRingView.swift in Sources */,
				3D1CA4A9AF09623D3E343004 /* CursorAuthSession.swift in Sources */,
				F7D57567E667D8F732A0F0FC /* CursorModels.swift in Sources */,
				0EF555B6CAAA225A6003760A /* CursorPanelView.swift in Sources */,
				5BE59C4C3270E6B7727003E5 /* CursorSignInSheet.swift in Sources */,
				504EBC85D44DF3DCB5105EE7 /* CursorUsageClient.swift in Sources */,
				FB3DD8E057F2C72391FAA3BB /* CursorUsagePoller.swift in Sources */,
				42C8875C17360F7FD10EC91E /* DailyBudget.swift in Sources */,
				45CF52CA0D48AE4EFD9674B2 /* DailyBudgetBarsView.swift in Sources */,
				70049333F63FC283B5DC7866 /* DailyQuotaDeltaStore.swift in Sources */,
				931FB5A88F596D1285DE6C5B /* DailyUsageBuilder.swift in Sources */,
				71063F6D995FF528DD8A778E /* DailyUsageChartView.swift in Sources */,
				48F5B17A873190A817646FEF /* Domain.swift in Sources */,
				076A8034DCB0D156E353E9D6 /* ExportService.swift in Sources */,
				404713A354B6A8F71295AF31 /* FileBackedStringStore.swift in Sources */,
				C5A045CB89D69EC25265DE64 /* Format.swift in Sources */,
				A37437D20CF0C4022A6497C7 /* GrokPanelView.swift in Sources */,
				811665EA3B9506975CF1C6D7 /* HistoryStore.swift in Sources */,
				299B5762DBAA0D2EED375F6D /* HourlyDeltaActivityStore.swift in Sources */,
				5D7A7A76F3B84FD799EC60D6 /* ISO8601.swift in Sources */,
				DA58E39BFEF29D0BEB50A10B /* JSON.swift in Sources */,
				E915F187288D1275E7F37F06 /* MenuBarLabelView.swift in Sources */,
				CEB8AB90691113AF7E5FEFB4 /* MenuBarPanelView.swift in Sources */,
				5E6675043A9CDD8400400AEE /* MenuBarStatusRenderer.swift in Sources */,
				A2273C5F2494A76B8EF40B64 /* MetricStat.swift in Sources */,
				AF43B2BEC521C9AB15C1F8C5 /* MonitorProvider.swift in Sources */,
				5F1B77DEC7B2FC1F9A70D292 /* OpenCodeAuthSession.swift in Sources */,
				AFC1A169FAF539B8CB0EF0B3 /* OpenCodeConsoleClient.swift in Sources */,
				E2B7FFB468F2D30856670B81 /* OpenCodeLimitBar.swift in Sources */,
				74C896333B2DC2269FC48CAA /* OpenCodeLocalStats.swift in Sources */,
				B9DF46C56214B9FEE96C5127 /* OpenCodeModels.swift in Sources */,
				93E28817EF25CF8E46C6349E /* OpenCodePanelView.swift in Sources */,
				6C49B3BEC92293AB4BFC7CB4 /* OpenCodeSignInSheet.swift in Sources */,
				C3510B9D658997562FCD26B6 /* OpenCodeUsagePoller.swift in Sources */,
				799B84D8CB6B03C174D69B18 /* OpenCodeZenCostEstimate.swift in Sources */,
				C4FA2825CB5CA5AB1CA50700 /* OpenRouterAuthSession.swift in Sources */,
				A993DDAD34F2CC7F0172D43F /* OpenRouterModels.swift in Sources */,
				855931B379EEDF03BAB71943 /* OpenRouterPanelView.swift in Sources */,
				325174C5874016ADB435FD33 /* OpenRouterUsageClient.swift in Sources */,
				EB1CF81AA2469CEC513A247A /* OpenRouterUsagePoller.swift in Sources */,
				99F71EF97E6858B8C96E5B29 /* OverviewHourlyUsageChart.swift in Sources */,
				D7BFCCBDB7EE7DB8C434B723 /* OverviewPanelView.swift in Sources */,
				747F5CBA2DB1A079B070F63A /* PanelCard.swift in Sources */,
				9258AEEEF37565B8C4592A54 /* PanelTypography.swift in Sources */,
				123B5EDA89E592AC5FB1BB5C /* Percent.swift in Sources */,
				80DB39EBA05C82FB0AC57377 /* PollingLoop.swift in Sources */,
				02F9895A5FE317B177F0A7BA /* PreferencesView.swift in Sources */,
				B3C82E011CEE192CDEBB3395 /* ProviderAuthSession.swift in Sources */,
				CA6B7B3C386361E3CB4E8288 /* ProviderHourlyUsage.swift in Sources */,
				1B0037A17BFF85E89026011A /* ProviderLogo.swift in Sources */,
				46F1C528574C5DA03FCCE64D /* ProviderRegistry.swift in Sources */,
				1B96C46077F3C4E22436E9E1 /* ProviderSignInButton.swift in Sources */,
				74880E5521D14EF8E53A7068 /* ProviderSignInSheet.swift in Sources */,
				EE6EA52D679BA7D41237CE82 /* ProviderSignInWebView.swift in Sources */,
				545267311016D1B4B9E46D0C /* ProviderSignOutButton.swift in Sources */,
				AAE0FC9316DF293EE7C14714 /* ProviderSwitcherView.swift in Sources */,
				06229CC9A8E3CA8B2FEF0312 /* ProviderUsagePoller.swift in Sources */,
				EAF6DBB0C67989D2A7900BF1 /* SegmentedUsageBar.swift in Sources */,
				5D12D94FFDC098F4A7B43357 /* SignInSheet.swift in Sources */,
				87F758D86BCA5AABC2B9959F /* SlimUsageTrack.swift in Sources */,
				D37A350E070C4FD59B5025C9 /* ThresholdNotifier.swift in Sources */,
				440F0FD6B4942548127BC790 /* TokenMonApp.swift in Sources */,
				2F72BB40935919BF6E176BA2 /* UsageClient.swift in Sources */,
				C8D1DC73D55A2557D3CDB7D0 /* UsageError.swift in Sources */,
				DDF4ECFB095899864828DE3C /* UsageModels.swift in Sources */,
				1C8C2B06991E9E56434FCC73 /* UsagePoller.swift in Sources */,
				9E525790E1BC1878805C99C5 /* WebKitCookieCapture.swift in Sources */,
				8C1B8D193D5C61242DCE5B6B /* WebKitCookieStore.swift in Sources */,
			);
			runOnlyForDeploymentPostprocessing = 0;
		};
/* End PBXSourcesBuildPhase section */

/* Begin PBXTargetDependency section */
		9971597EC42DAE38BE105D3F /* PBXTargetDependency */ = {
			isa = PBXTargetDependency;
			target = 9180ECBDB83F7FBB6499CE82 /* TokenMon */;
			targetProxy = 9D3B4005DCCF281B1FFCB9E9 /* PBXContainerItemProxy */;
		};
/* End PBXTargetDependency section */

/* Begin XCBuildConfiguration section */
		6511275E87421BE0906A9251 /* Release */ = {
			isa = XCBuildConfiguration;
			buildSettings = {
				ALWAYS_SEARCH_USER_PATHS = NO;
				CLANG_ANALYZER_NONNULL = YES;
				CLANG_ANALYZER_NUMBER_OBJECT_CONVERSION = YES_AGGRESSIVE;
				CLANG_CXX_LANGUAGE_STANDARD = "gnu++14";
				CLANG_CXX_LIBRARY = "libc++";
				CLANG_ENABLE_MODULES = YES;
				CLANG_ENABLE_OBJC_ARC = YES;
				CLANG_ENABLE_OBJC_WEAK = YES;
				CLANG_WARN_BLOCK_CAPTURE_AUTORELEASING = YES;
				CLANG_WARN_BOOL_CONVERSION = YES;
				CLANG_WARN_COMMA = YES;
				CLANG_WARN_CONSTANT_CONVERSION = YES;
				CLANG_WARN_DEPRECATED_OBJC_IMPLEMENTATIONS = YES;
				CLANG_WARN_DIRECT_OBJC_ISA_USAGE = YES_ERROR;
				CLANG_WARN_DOCUMENTATION_COMMENTS = YES;
				CLANG_WARN_EMPTY_BODY = YES;
				CLANG_WARN_ENUM_CONVERSION = YES;
				CLANG_WARN_INFINITE_RECURSION = YES;
				CLANG_WARN_INT_CONVERSION = YES;
				CLANG_WARN_NON_LITERAL_NULL_CONVERSION = YES;
				CLANG_WARN_OBJC_IMPLICIT_RETAIN_SELF = YES;
				CLANG_WARN_OBJC_LITERAL_CONVERSION = YES;
				CLANG_WARN_OBJC_ROOT_CLASS = YES_ERROR;
				CLANG_WARN_QUOTED_INCLUDE_IN_FRAMEWORK_HEADER = YES;
				CLANG_WARN_RANGE_LOOP_ANALYSIS = YES;
				CLANG_WARN_STRICT_PROTOTYPES = YES;
				CLANG_WARN_SUSPICIOUS_MOVE = YES;
				CLANG_WARN_UNGUARDED_AVAILABILITY = YES_AGGRESSIVE;
				CLANG_WARN_UNREACHABLE_CODE = YES;
				CLANG_WARN__DUPLICATE_METHOD_MATCH = YES;
				CODE_SIGN_STYLE = Automatic;
				COPY_PHASE_STRIP = NO;
				DEBUG_INFORMATION_FORMAT = "dwarf-with-dsym";
				ENABLE_DEBUG_DYLIB = NO;
				ENABLE_HARDENED_RUNTIME = YES;
				ENABLE_NS_ASSERTIONS = NO;
				ENABLE_STRICT_OBJC_MSGSEND = YES;
				GCC_C_LANGUAGE_STANDARD = gnu11;
				GCC_NO_COMMON_BLOCKS = YES;
				GCC_WARN_64_TO_32_BIT_CONVERSION = YES;
				GCC_WARN_ABOUT_RETURN_TYPE = YES_ERROR;
				GCC_WARN_UNDECLARED_SELECTOR = YES;
				GCC_WARN_UNINITIALIZED_AUTOS = YES_AGGRESSIVE;
				GCC_WARN_UNUSED_FUNCTION = YES;
				GCC_WARN_UNUSED_VARIABLE = YES;
				MACOSX_DEPLOYMENT_TARGET = 14.0;
				MTL_ENABLE_DEBUG_INFO = NO;
				MTL_FAST_MATH = YES;
				PRODUCT_NAME = "$(TARGET_NAME)";
				SDKROOT = macosx;
				SWIFT_COMPILATION_MODE = wholemodule;
				SWIFT_OPTIMIZATION_LEVEL = "-O";
				SWIFT_VERSION = 5.10;
			};
			name = Release;
		};
		73F48EA236E0DD73EB4E11C8 /* Debug */ = {
			isa = XCBuildConfiguration;
			buildSettings = {
				ALWAYS_SEARCH_USER_PATHS = NO;
				CLANG_ANALYZER_NONNULL = YES;
				CLANG_ANALYZER_NUMBER_OBJECT_CONVERSION = YES_AGGRESSIVE;
				CLANG_CXX_LANGUAGE_STANDARD = "gnu++14";
				CLANG_CXX_LIBRARY = "libc++";
				CLANG_ENABLE_MODULES = YES;
				CLANG_ENABLE_OBJC_ARC = YES;
				CLANG_ENABLE_OBJC_WEAK = YES;
				CLANG_WARN_BLOCK_CAPTURE_AUTORELEASING = YES;
				CLANG_WARN_BOOL_CONVERSION = YES;
				CLANG_WARN_COMMA = YES;
				CLANG_WARN_CONSTANT_CONVERSION = YES;
				CLANG_WARN_DEPRECATED_OBJC_IMPLEMENTATIONS = YES;
				CLANG_WARN_DIRECT_OBJC_ISA_USAGE = YES_ERROR;
				CLANG_WARN_DOCUMENTATION_COMMENTS = YES;
				CLANG_WARN_EMPTY_BODY = YES;
				CLANG_WARN_ENUM_CONVERSION = YES;
				CLANG_WARN_INFINITE_RECURSION = YES;
				CLANG_WARN_INT_CONVERSION = YES;
				CLANG_WARN_NON_LITERAL_NULL_CONVERSION = YES;
				CLANG_WARN_OBJC_IMPLICIT_RETAIN_SELF = YES;
				CLANG_WARN_OBJC_LITERAL_CONVERSION = YES;
				CLANG_WARN_OBJC_ROOT_CLASS = YES_ERROR;
				CLANG_WARN_QUOTED_INCLUDE_IN_FRAMEWORK_HEADER = YES;
				CLANG_WARN_RANGE_LOOP_ANALYSIS = YES;
				CLANG_WARN_STRICT_PROTOTYPES = YES;
				CLANG_WARN_SUSPICIOUS_MOVE = YES;
				CLANG_WARN_UNGUARDED_AVAILABILITY = YES_AGGRESSIVE;
				CLANG_WARN_UNREACHABLE_CODE = YES;
				CLANG_WARN__DUPLICATE_METHOD_MATCH = YES;
				CODE_SIGN_STYLE = Automatic;
				COPY_PHASE_STRIP = NO;
				DEBUG_INFORMATION_FORMAT = dwarf;
				ENABLE_DEBUG_DYLIB = NO;
				ENABLE_HARDENED_RUNTIME = YES;
				ENABLE_STRICT_OBJC_MSGSEND = YES;
				ENABLE_TESTABILITY = YES;
				GCC_C_LANGUAGE_STANDARD = gnu11;
				GCC_DYNAMIC_NO_PIC = NO;
				GCC_NO_COMMON_BLOCKS = YES;
				GCC_OPTIMIZATION_LEVEL = 0;
				GCC_PREPROCESSOR_DEFINITIONS = (
					"$(inherited)",
					"DEBUG=1",
				);
				GCC_WARN_64_TO_32_BIT_CONVERSION = YES;
				GCC_WARN_ABOUT_RETURN_TYPE = YES_ERROR;
				GCC_WARN_UNDECLARED_SELECTOR = YES;
				GCC_WARN_UNINITIALIZED_AUTOS = YES_AGGRESSIVE;
				GCC_WARN_UNUSED_FUNCTION = YES;
				GCC_WARN_UNUSED_VARIABLE = YES;
				MACOSX_DEPLOYMENT_TARGET = 14.0;
				MTL_ENABLE_DEBUG_INFO = INCLUDE_SOURCE;
				MTL_FAST_MATH = YES;
				ONLY_ACTIVE_ARCH = YES;
				PRODUCT_NAME = "$(TARGET_NAME)";
				SDKROOT = macosx;
				SWIFT_ACTIVE_COMPILATION_CONDITIONS = DEBUG;
				SWIFT_OPTIMIZATION_LEVEL = "-Onone";
				SWIFT_VERSION = 5.10;
			};
			name = Debug;
		};
		8BA96E3BDD953A5A162556BE /* Debug */ = {
			isa = XCBuildConfiguration;
			buildSettings = {
				ASSETCATALOG_COMPILER_APPICON_NAME = AppIcon;
				CODE_SIGN_ENTITLEMENTS = TokenMon/Resources/TokenMon.entitlements;
				COMBINE_HIDPI_IMAGES = YES;
				CURRENT_PROJECT_VERSION = 4;
				ENABLE_TESTABILITY = YES;
				GENERATE_INFOPLIST_FILE = NO;
				INFOPLIST_FILE = TokenMon/Resources/Info.plist;
				LD_RUNPATH_SEARCH_PATHS = "@executable_path/../Frameworks";
				MARKETING_VERSION = 1.3.0;
				PRIVACY_MANIFEST_FILE = TokenMon/Resources/PrivacyInfo.xcprivacy;
				PRODUCT_BUNDLE_IDENTIFIER = com.modelmonitor.app;
				PRODUCT_MODULE_NAME = TokenMon;
				PRODUCT_NAME = TokenMon;
				SDKROOT = macosx;
			};
			name = Debug;
		};
		8D75657B76320D0471CFD6F2 /* Release */ = {
			isa = XCBuildConfiguration;
			buildSettings = {
				ASSETCATALOG_COMPILER_APPICON_NAME = AppIcon;
				CODE_SIGN_ENTITLEMENTS = TokenMon/Resources/TokenMon.entitlements;
				COMBINE_HIDPI_IMAGES = YES;
				CURRENT_PROJECT_VERSION = 4;
				GENERATE_INFOPLIST_FILE = NO;
				INFOPLIST_FILE = TokenMon/Resources/Info.plist;
				LD_RUNPATH_SEARCH_PATHS = "@executable_path/../Frameworks";
				MARKETING_VERSION = 1.3.0;
				PRIVACY_MANIFEST_FILE = TokenMon/Resources/PrivacyInfo.xcprivacy;
				PRODUCT_BUNDLE_IDENTIFIER = com.modelmonitor.app;
				PRODUCT_MODULE_NAME = TokenMon;
				PRODUCT_NAME = TokenMon;
				SDKROOT = macosx;
			};
			name = Release;
		};
		C0BD3D287251E63734673F23 /* Debug */ = {
			isa = XCBuildConfiguration;
			buildSettings = {
				BUNDLE_LOADER = "$(TEST_HOST)";
				COMBINE_HIDPI_IMAGES = YES;
				ENABLE_TESTING_SEARCH_PATHS = YES;
				GENERATE_INFOPLIST_FILE = YES;
				LD_RUNPATH_SEARCH_PATHS = (
					"$(inherited)",
					"@executable_path/../Frameworks",
					"@loader_path/../Frameworks",
				);
				PRODUCT_BUNDLE_IDENTIFIER = com.modelmonitor.tests;
				PRODUCT_MODULE_NAME = TokenMonTests;
				PRODUCT_NAME = TokenMonTests;
				SDKROOT = macosx;
				TEST_HOST = "$(BUILT_PRODUCTS_DIR)/TokenMon.app/Contents/MacOS/TokenMon";
			};
			name = Debug;
		};
		D159E2A11A8BE4FC37D2C55F /* Release */ = {
			isa = XCBuildConfiguration;
			buildSettings = {
				BUNDLE_LOADER = "$(TEST_HOST)";
				COMBINE_HIDPI_IMAGES = YES;
				ENABLE_TESTING_SEARCH_PATHS = YES;
				GENERATE_INFOPLIST_FILE = YES;
				LD_RUNPATH_SEARCH_PATHS = (
					"$(inherited)",
					"@executable_path/../Frameworks",
					"@loader_path/../Frameworks",
				);
				PRODUCT_BUNDLE_IDENTIFIER = com.modelmonitor.tests;
				PRODUCT_MODULE_NAME = TokenMonTests;
				PRODUCT_NAME = TokenMonTests;
				SDKROOT = macosx;
				TEST_HOST = "$(BUILT_PRODUCTS_DIR)/TokenMon.app/Contents/MacOS/TokenMon";
			};
			name = Release;
		};
/* End XCBuildConfiguration section */

/* Begin XCConfigurationList section */
		A3777E9A95F6350EF9AD4911 /* Build configuration list for PBXProject "TokenMon" */ = {
			isa = XCConfigurationList;
			buildConfigurations = (
				73F48EA236E0DD73EB4E11C8 /* Debug */,
				6511275E87421BE0906A9251 /* Release */,
			);
			defaultConfigurationIsVisible = 0;
			defaultConfigurationName = Debug;
		};
		E004E19B8453D6BE7CF821FD /* Build configuration list for PBXNativeTarget "TokenMon" */ = {
			isa = XCConfigurationList;
			buildConfigurations = (
				8BA96E3BDD953A5A162556BE /* Debug */,
				8D75657B76320D0471CFD6F2 /* Release */,
			);
			defaultConfigurationIsVisible = 0;
			defaultConfigurationName = Debug;
		};
		EBDBACFE441C616664032740 /* Build configuration list for PBXNativeTarget "TokenMonTests" */ = {
			isa = XCConfigurationList;
			buildConfigurations = (
				C0BD3D287251E63734673F23 /* Debug */,
				D159E2A11A8BE4FC37D2C55F /* Release */,
			);
			defaultConfigurationIsVisible = 0;
			defaultConfigurationName = Debug;
		};
/* End XCConfigurationList section */
	};
	rootObject = 464DDF57F35E487DDAB9DD77 /* Project object */;
}
